
Microsoft Visual Studio Solution File, Format Version 12.00
# Visual Studio Version 17
VisualStudioVersion = 17.12.35527.113
MinimumVisualStudioVersion = 10.0.40219.1
Project("{FAE04EC0-301F-11D3-BF4B-00C04F79EFBC}") = "MediaTek86", "MediaTek86\MediaTek86.csproj", "{BE29203F-A3A1-4EE4-AD40-4A8D0EFCD614}"
EndProject
Project("{54435603-DBB4-11D2-8724-00A0C9A8B90C}") = "MediaTek86Installeur", "MediaTek86Installeur\MediaTek86Installeur.vdproj", "{DDD7FECF-9A09-488B-A38D-2D35C5872A65}"
EndProject
Global
	GlobalSection(SolutionConfigurationPlatforms) = preSolution
		Debug|Any CPU = Debug|Any CPU
		Release|Any CPU = Release|Any CPU
	EndGlobalSection
	GlobalSection(ProjectConfigurationPlatforms) = postSolution
		{BE29203F-A3A1-4EE4-AD40-4A8D0EFCD614}.Debug|Any CPU.ActiveCfg = Debug|Any CPU
		{BE29203F-A3A1-4EE4-AD40-4A8D0EFCD614}.Debug|Any CPU.Build.0 = Debug|Any CPU
		{BE29203F-A3A1-4EE4-AD40-4A8D0EFCD614}.Release|Any CPU.ActiveCfg = Release|Any CPU
		{BE29203F-A3A1-4EE4-AD40-4A8D0EFCD614}.Release|Any CPU.Build.0 = Release|Any CPU
		{DDD7FECF-9A09-488B-A38D-2D35C5872A65}.Debug|Any CPU.ActiveCfg = Debug
		{DDD7FECF-9A09-488B-A38D-2D35C5872A65}.Debug|Any CPU.Build.0 = Debug
		{DDD7FECF-9A09-488B-A38D-2D35C5872A65}.Release|Any CPU.ActiveCfg = Release
		{DDD7FECF-9A09-488B-A38D-2D35C5872A65}.Release|Any CPU.Build.0 = Release
	EndGlobalSection
	GlobalSection(SolutionProperties) = preSolution
		HideSolutionNode = FALSE
	EndGlobalSection
EndGlobal
